
Microsoft Visual Studio Solution File, Format Version 12.00
# Visual Studio Version 17
VisualStudioVersion = 17.14.36623.8 d17.14
MinimumVisualStudioVersion = 10.0.40219.1
Project("{FAE04EC0-301F-11D3-BF4B-00C04F79EFBC}") = "CatShelter", "CatShelter\CatShelter.csproj", "{DE0F3D07-9FB9-4EE1-A749-5CB4ECDABCA1}"
EndProject
Global
	GlobalSection(SolutionConfigurationPlatforms) = preSolution
		Debug|Any CPU = Debug|Any CPU
		Release|Any CPU = Release|Any CPU
	EndGlobalSection
	GlobalSection(ProjectConfigurationPlatforms) = postSolution
		{DE0F3D07-9FB9-4EE1-A749-5CB4ECDABCA1}.Debug|Any CPU.ActiveCfg = Debug|Any CPU
		{DE0F3D07-9FB9-4EE1-A749-5CB4ECDABCA1}.Debug|Any CPU.Build.0 = Debug|Any CPU
		{DE0F3D07-9FB9-4EE1-A749-5CB4ECDABCA1}.Release|Any CPU.ActiveCfg = Release|Any CPU
		{DE0F3D07-9FB9-4EE1-A749-5CB4ECDABCA1}.Release|Any CPU.Build.0 = Release|Any CPU
	EndGlobalSection
	GlobalSection(SolutionProperties) = preSolution
		HideSolutionNode = FALSE
	EndGlobalSection
	GlobalSection(ExtensibilityGlobals) = postSolution
		SolutionGuid = {7A01637C-9E3C-4AB5-A3D3-6D6D23D4D04E}
	EndGlobalSection
EndGlobal
